# THIS IS AN AUTOGENERATED FILE. DO NOT EDIT THIS FILE DIRECTLY.
# yarn lockfile v1


bluebird@^3.5.1:
  version "3.5.1"
  resolved "http://registry.npm.taobao.org/bluebird/download/bluebird-3.5.1.tgz#d9551f9de98f1fcda1e683d17ee91a0602ee2eb9"

co@^4.6.0:
  version "4.6.0"
  resolved "http://registry.npm.taobao.org/co/download/co-4.6.0.tgz#6ea6bdf3d853ae54ccb8e47bfa0bf3f9031fb184"

promisify@^0.0.3:
  version "0.0.3"
  resolved "http://registry.npm.taobao.org/promisify/download/promisify-0.0.3.tgz#754db61f29ee6476ab543c45b464d21f5ef55686"
  dependencies:
    when ""

q@^1.5.1:
  version "1.5.1"
  resolved "http://registry.npm.taobao.org/q/download/q-1.5.1.tgz#7e32f75b41381291d04611f1bf14109ac00651d7"

when@:
  version "3.7.8"
  resolved "http://registry.npm.taobao.org/when/download/when-3.7.8.tgz#c7130b6a7ea04693e842cdc9e7a1f2aa39a39f82"
